
Microsoft Visual Studio Solution File, Format Version 12.00
# Visual Studio 14
VisualStudioVersion = 14.0.25420.1
MinimumVisualStudioVersion = 10.0.40219.1
Project("{FAE04EC0-301F-11D3-BF4B-00C04F79EFBC}") = "CciExplorer.CodeModel", "CciExplorer.CodeModel\CciExplorer.CodeModel.csproj", "{1CD65680-A932-463C-BAB8-630D7537553B}"
EndProject
Project("{FAE04EC0-301F-11D3-BF4B-00C04F79EFBC}") = "Labs", "Lab\Labs.csproj", "{29618238-72D2-451A-B20F-D9435910C3C3}"
EndProject
Project("{2150E333-8FDC-42A3-9474-1A3956D46DE8}") = "AssemblyToProcess", "AssemblyToProcess", "{D73B019D-5CC9-4375-AB5E-2BB7A8CDDEAE}"
EndProject
Project("{2150E333-8FDC-42A3-9474-1A3956D46DE8}") = "FodyAddin", "FodyAddin", "{04E88053-968C-4A5B-814F-062DF5B5E61D}"
EndProject
Project("{FAE04EC0-301F-11D3-BF4B-00C04F79EFBC}") = "AssemblyToProcess", "ECSFlowAddin\AssemblyToProcess\AssemblyToProcess.csproj", "{E97E649F-B703-47E3-B18A-0871D3498742}"
EndProject
Project("{FAE04EC0-301F-11D3-BF4B-00C04F79EFBC}") = "ECSFlowAddin", "ECSFlowAddin\ECSFlowAddin\ECSFlowAddin.csproj", "{C3578A7B-09A6-4444-9383-0DEAFA4958BD}"
EndProject
Project("{FAE04EC0-301F-11D3-BF4B-00C04F79EFBC}") = "Nuget", "ECSFlowAddin\NuGet\Nuget.csproj", "{63786CE5-D899-43DF-AD4E-C2CA3BAC3FC2}"
EndProject
Project("{FAE04EC0-301F-11D3-BF4B-00C04F79EFBC}") = "Tests", "ECSFlowAddin\Tests\Tests.csproj", "{D327EC9C-DAA2-4454-A63D-7A09F3554578}"
EndProject
Project("{2150E333-8FDC-42A3-9474-1A3956D46DE8}") = "RelatedProjects", "RelatedProjects", "{5843FDAB-C2CA-4EA4-B4C0-0192B524CDD7}"
EndProject
Project("{FAE04EC0-301F-11D3-BF4B-00C04F79EFBC}") = "PostSharpSample", "PostSharpSample\PostSharpSample.csproj", "{6F076B1A-B1AC-4F88-A310-478B31158DAB}"
EndProject
Project("{FAE04EC0-301F-11D3-BF4B-00C04F79EFBC}") = "Ascgen2", "Ascgen2\Ascgen2.csproj", "{770F6D41-B085-4E51-935E-11C09E28F156}"
EndProject
Project("{FAE04EC0-301F-11D3-BF4B-00C04F79EFBC}") = "Ascgen2Tests", "Ascgen2Tests\Ascgen2Tests.csproj", "{94A08E1E-7512-4AAA-ADE5-F14B230835A0}"
EndProject
Project("{FAE04EC0-301F-11D3-BF4B-00C04F79EFBC}") = "AssemblyToProcessFlow", "AssemblyToProcessFlow\AssemblyToProcessFlow.csproj", "{3B222FE1-ECEE-4B1D-9D35-79B7050E1161}"
EndProject
Project("{FAE04EC0-301F-11D3-BF4B-00C04F79EFBC}") = "JMSoftware.Controls", "JMSoftware.Controls\JMSoftware.Controls.csproj", "{69E1D695-5C48-47A4-B8A7-01C43FE4BB40}"
EndProject
Project("{FAE04EC0-301F-11D3-BF4B-00C04F79EFBC}") = "JMSoftware.ImageHelper", "JMSoftware.ImageHelper\JMSoftware.ImageHelper.csproj", "{052DA6A8-6309-4589-922A-28407F8A0DD0}"
EndProject
Project("{FAE04EC0-301F-11D3-BF4B-00C04F79EFBC}") = "JMSoftware.TextHelper", "JMSoftware.TextHelper\JMSoftware.TextHelper.csproj", "{11F3DCBE-CC36-4761-AF00-B8FC87AFB443}"
EndProject
Project("{FAE04EC0-301F-11D3-BF4B-00C04F79EFBC}") = "JMSoftware.VersionChecking", "JMSoftware.VersionChecking\JMSoftware.VersionChecking.csproj", "{4A100A8B-4510-42AF-901E-A72D840D2A91}"
EndProject
Project("{FAE04EC0-301F-11D3-BF4B-00C04F79EFBC}") = "EHApplicationBlockSample", "EHApplicationBlockSample\EHApplicationBlockSample.csproj", "{4B131171-9E05-4965-A384-5F593555D37E}"
EndProject
Project("{FAE04EC0-301F-11D3-BF4B-00C04F79EFBC}") = "ECSFlowRun", "ECSFlowRun\ECSFlowRun.csproj", "{3DE6948E-06F2-458A-8151-B065EEA1502F}"
EndProject
Project("{FAE04EC0-301F-11D3-BF4B-00C04F79EFBC}") = "ECSFlowDriverNET", "ECSFlowDriverNET\ECSFlowDriverNET.csproj", "{5EB94942-D7D5-4906-B027-CCD697DF2243}"
EndProject
Project("{FAE04EC0-301F-11D3-BF4B-00C04F79EFBC}") = "ECSFlowTests", "ECSFlowTests\ECSFlowTests.csproj", "{9E416E1B-D3D5-4EA4-A2E3-0E5B571E1BAD}"
EndProject
Project("{FAE04EC0-301F-11D3-BF4B-00C04F79EFBC}") = "ECSFlowAttributes", "ECSFlowAttributes\ECSFlowAttributes.csproj", "{7991B1DC-1DE8-4F5B-9AAA-C2CE5255E1D7}"
EndProject
Project("{FAE04EC0-301F-11D3-BF4B-00C04F79EFBC}") = "ECSFlowRewriter", "ECSFlowRewriter\ECSFlowRewriter.csproj", "{F91AE2E6-1682-478D-8F7D-DB33F98167EA}"
EndProject
Global
	GlobalSection(SolutionConfigurationPlatforms) = preSolution
		Debug|Any CPU = Debug|Any CPU
		Debug|Mixed Platforms = Debug|Mixed Platforms
		Debug|x86 = Debug|x86
		Release|Any CPU = Release|Any CPU
		Release|Mixed Platforms = Release|Mixed Platforms
		Release|x86 = Release|x86
	EndGlobalSection
	GlobalSection(ProjectConfigurationPlatforms) = postSolution
		{1CD65680-A932-463C-BAB8-630D7537553B}.Debug|Any CPU.ActiveCfg = Debug|Any CPU
		{1CD65680-A932-463C-BAB8-630D7537553B}.Debug|Any CPU.Build.0 = Debug|Any CPU
		{1CD65680-A932-463C-BAB8-630D7537553B}.Debug|Mixed Platforms.ActiveCfg = Debug|Any CPU
		{1CD65680-A932-463C-BAB8-630D7537553B}.Debug|Mixed Platforms.Build.0 = Debug|Any CPU
		{1CD65680-A932-463C-BAB8-630D7537553B}.Debug|x86.ActiveCfg = Debug|Any CPU
		{1CD65680-A932-463C-BAB8-630D7537553B}.Debug|x86.Build.0 = Debug|Any CPU
		{1CD65680-A932-463C-BAB8-630D7537553B}.Release|Any CPU.ActiveCfg = Release|Any CPU
		{1CD65680-A932-463C-BAB8-630D7537553B}.Release|Any CPU.Build.0 = Release|Any CPU
		{1CD65680-A932-463C-BAB8-630D7537553B}.Release|Mixed Platforms.ActiveCfg = Release|Any CPU
		{1CD65680-A932-463C-BAB8-630D7537553B}.Release|Mixed Platforms.Build.0 = Release|Any CPU
		{1CD65680-A932-463C-BAB8-630D7537553B}.Release|x86.ActiveCfg = Release|Any CPU
		{1CD65680-A932-463C-BAB8-630D7537553B}.Release|x86.Build.0 = Release|Any CPU
		{29618238-72D2-451A-B20F-D9435910C3C3}.Debug|Any CPU.ActiveCfg = Debug|Any CPU
		{29618238-72D2-451A-B20F-D9435910C3C3}.Debug|Any CPU.Build.0 = Debug|Any CPU
		{29618238-72D2-451A-B20F-D9435910C3C3}.Debug|Mixed Platforms.ActiveCfg = Debug|Any CPU
		{29618238-72D2-451A-B20F-D9435910C3C3}.Debug|Mixed Platforms.Build.0 = Debug|Any CPU
		{29618238-72D2-451A-B20F-D9435910C3C3}.Debug|x86.ActiveCfg = Debug|Any CPU
		{29618238-72D2-451A-B20F-D9435910C3C3}.Debug|x86.Build.0 = Debug|Any CPU
		{29618238-72D2-451A-B20F-D9435910C3C3}.Release|Any CPU.ActiveCfg = Release|Any CPU
		{29618238-72D2-451A-B20F-D9435910C3C3}.Release|Any CPU.Build.0 = Release|Any CPU
		{29618238-72D2-451A-B20F-D9435910C3C3}.Release|Mixed Platforms.ActiveCfg = Release|Any CPU
		{29618238-72D2-451A-B20F-D9435910C3C3}.Release|Mixed Platforms.Build.0 = Release|Any CPU
		{29618238-72D2-451A-B20F-D9435910C3C3}.Release|x86.ActiveCfg = Release|Any CPU
		{29618238-72D2-451A-B20F-D9435910C3C3}.Release|x86.Build.0 = Release|Any CPU
		{E97E649F-B703-47E3-B18A-0871D3498742}.Debug|Any CPU.ActiveCfg = Debug|Any CPU
		{E97E649F-B703-47E3-B18A-0871D3498742}.Debug|Any CPU.Build.0 = Debug|Any CPU
		{E97E649F-B703-47E3-B18A-0871D3498742}.Debug|Mixed Platforms.ActiveCfg = Debug|Any CPU
		{E97E649F-B703-47E3-B18A-0871D3498742}.Debug|Mixed Platforms.Build.0 = Debug|Any CPU
		{E97E649F-B703-47E3-B18A-0871D3498742}.Debug|x86.ActiveCfg = Debug|Any CPU
		{E97E649F-B703-47E3-B18A-0871D3498742}.Debug|x86.Build.0 = Debug|Any CPU
		{E97E649F-B703-47E3-B18A-0871D3498742}.Release|Any CPU.ActiveCfg = Release|Any CPU
		{E97E649F-B703-47E3-B18A-0871D3498742}.Release|Any CPU.Build.0 = Release|Any CPU
		{E97E649F-B703-47E3-B18A-0871D3498742}.Release|Mixed Platforms.ActiveCfg = Release|Any CPU
		{E97E649F-B703-47E3-B18A-0871D3498742}.Release|Mixed Platforms.Build.0 = Release|Any CPU
		{E97E649F-B703-47E3-B18A-0871D3498742}.Release|x86.ActiveCfg = Release|Any CPU
		{E97E649F-B703-47E3-B18A-0871D3498742}.Release|x86.Build.0 = Release|Any CPU
		{C3578A7B-09A6-4444-9383-0DEAFA4958BD}.Debug|Any CPU.ActiveCfg = Debug|Any CPU
		{C3578A7B-09A6-4444-9383-0DEAFA4958BD}.Debug|Any CPU.Build.0 = Debug|Any CPU
		{C3578A7B-09A6-4444-9383-0DEAFA4958BD}.Debug|Mixed Platforms.ActiveCfg = Debug|Any CPU
		{C3578A7B-09A6-4444-9383-0DEAFA4958BD}.Debug|Mixed Platforms.Build.0 = Debug|Any CPU
		{C3578A7B-09A6-4444-9383-0DEAFA4958BD}.Debug|x86.ActiveCfg = Debug|Any CPU
		{C3578A7B-09A6-4444-9383-0DEAFA4958BD}.Debug|x86.Build.0 = Debug|Any CPU
		{C3578A7B-09A6-4444-9383-0DEAFA4958BD}.Release|Any CPU.ActiveCfg = Release|Any CPU
		{C3578A7B-09A6-4444-9383-0DEAFA4958BD}.Release|Any CPU.Build.0 = Release|Any CPU
		{C3578A7B-09A6-4444-9383-0DEAFA4958BD}.Release|Mixed Platforms.ActiveCfg = Release|Any CPU
		{C3578A7B-09A6-4444-9383-0DEAFA4958BD}.Release|Mixed Platforms.Build.0 = Release|Any CPU
		{C3578A7B-09A6-4444-9383-0DEAFA4958BD}.Release|x86.ActiveCfg = Release|Any CPU
		{C3578A7B-09A6-4444-9383-0DEAFA4958BD}.Release|x86.Build.0 = Release|Any CPU
		{63786CE5-D899-43DF-AD4E-C2CA3BAC3FC2}.Debug|Any CPU.ActiveCfg = Debug|Any CPU
		{63786CE5-D899-43DF-AD4E-C2CA3BAC3FC2}.Debug|Any CPU.Build.0 = Debug|Any CPU
		{63786CE5-D899-43DF-AD4E-C2CA3BAC3FC2}.Debug|Mixed Platforms.ActiveCfg = Debug|Any CPU
		{63786CE5-D899-43DF-AD4E-C2CA3BAC3FC2}.Debug|Mixed Platforms.Build.0 = Debug|Any CPU
		{63786CE5-D899-43DF-AD4E-C2CA3BAC3FC2}.Debug|x86.ActiveCfg = Debug|Any CPU
		{63786CE5-D899-43DF-AD4E-C2CA3BAC3FC2}.Debug|x86.Build.0 = Debug|Any CPU
		{63786CE5-D899-43DF-AD4E-C2CA3BAC3FC2}.Release|Any CPU.ActiveCfg = Release|Any CPU
		{63786CE5-D899-43DF-AD4E-C2CA3BAC3FC2}.Release|Any CPU.Build.0 = Release|Any CPU
		{63786CE5-D899-43DF-AD4E-C2CA3BAC3FC2}.Release|Mixed Platforms.ActiveCfg = Release|Any CPU
		{63786CE5-D899-43DF-AD4E-C2CA3BAC3FC2}.Release|Mixed Platforms.Build.0 = Release|Any CPU
		{63786CE5-D899-43DF-AD4E-C2CA3BAC3FC2}.Release|x86.ActiveCfg = Release|Any CPU
		{63786CE5-D899-43DF-AD4E-C2CA3BAC3FC2}.Release|x86.Build.0 = Release|Any CPU
		{D327EC9C-DAA2-4454-A63D-7A09F3554578}.Debug|Any CPU.ActiveCfg = Debug|Any CPU
		{D327EC9C-DAA2-4454-A63D-7A09F3554578}.Debug|Any CPU.Build.0 = Debug|Any CPU
		{D327EC9C-DAA2-4454-A63D-7A09F3554578}.Debug|Mixed Platforms.ActiveCfg = Debug|Any CPU
		{D327EC9C-DAA2-4454-A63D-7A09F3554578}.Debug|Mixed Platforms.Build.0 = Debug|Any CPU
		{D327EC9C-DAA2-4454-A63D-7A09F3554578}.Debug|x86.ActiveCfg = Debug|Any CPU
		{D327EC9C-DAA2-4454-A63D-7A09F3554578}.Debug|x86.Build.0 = Debug|Any CPU
		{D327EC9C-DAA2-4454-A63D-7A09F3554578}.Release|Any CPU.ActiveCfg = Release|Any CPU
		{D327EC9C-DAA2-4454-A63D-7A09F3554578}.Release|Any CPU.Build.0 = Release|Any CPU
		{D327EC9C-DAA2-4454-A63D-7A09F3554578}.Release|Mixed Platforms.ActiveCfg = Release|Any CPU
		{D327EC9C-DAA2-4454-A63D-7A09F3554578}.Release|Mixed Platforms.Build.0 = Release|Any CPU
		{D327EC9C-DAA2-4454-A63D-7A09F3554578}.Release|x86.ActiveCfg = Release|Any CPU
		{D327EC9C-DAA2-4454-A63D-7A09F3554578}.Release|x86.Build.0 = Release|Any CPU
		{6F076B1A-B1AC-4F88-A310-478B31158DAB}.Debug|Any CPU.ActiveCfg = Debug|Any CPU
		{6F076B1A-B1AC-4F88-A310-478B31158DAB}.Debug|Any CPU.Build.0 = Debug|Any CPU
		{6F076B1A-B1AC-4F88-A310-478B31158DAB}.Debug|Mixed Platforms.ActiveCfg = Debug|Any CPU
		{6F076B1A-B1AC-4F88-A310-478B31158DAB}.Debug|Mixed Platforms.Build.0 = Debug|Any CPU
		{6F076B1A-B1AC-4F88-A310-478B31158DAB}.Debug|x86.ActiveCfg = Debug|Any CPU
		{6F076B1A-B1AC-4F88-A310-478B31158DAB}.Debug|x86.Build.0 = Debug|Any CPU
		{6F076B1A-B1AC-4F88-A310-478B31158DAB}.Release|Any CPU.ActiveCfg = Release|Any CPU
		{6F076B1A-B1AC-4F88-A310-478B31158DAB}.Release|Any CPU.Build.0 = Release|Any CPU
		{6F076B1A-B1AC-4F88-A310-478B31158DAB}.Release|Mixed Platforms.ActiveCfg = Release|Any CPU
		{6F076B1A-B1AC-4F88-A310-478B31158DAB}.Release|Mixed Platforms.Build.0 = Release|Any CPU
		{6F076B1A-B1AC-4F88-A310-478B31158DAB}.Release|x86.ActiveCfg = Release|Any CPU
		{6F076B1A-B1AC-4F88-A310-478B31158DAB}.Release|x86.Build.0 = Release|Any CPU
		{770F6D41-B085-4E51-935E-11C09E28F156}.Debug|Any CPU.ActiveCfg = Debug|Any CPU
		{770F6D41-B085-4E51-935E-11C09E28F156}.Debug|Any CPU.Build.0 = Debug|Any CPU
		{770F6D41-B085-4E51-935E-11C09E28F156}.Debug|Mixed Platforms.ActiveCfg = Debug|Any CPU
		{770F6D41-B085-4E51-935E-11C09E28F156}.Debug|Mixed Platforms.Build.0 = Debug|Any CPU
		{770F6D41-B085-4E51-935E-11C09E28F156}.Debug|x86.ActiveCfg = Debug|Any CPU
		{770F6D41-B085-4E51-935E-11C09E28F156}.Debug|x86.Build.0 = Debug|Any CPU
		{770F6D41-B085-4E51-935E-11C09E28F156}.Release|Any CPU.ActiveCfg = Release|Any CPU
		{770F6D41-B085-4E51-935E-11C09E28F156}.Release|Any CPU.Build.0 = Release|Any CPU
		{770F6D41-B085-4E51-935E-11C09E28F156}.Release|Mixed Platforms.ActiveCfg = Release|Any CPU
		{770F6D41-B085-4E51-935E-11C09E28F156}.Release|Mixed Platforms.Build.0 = Release|Any CPU
		{770F6D41-B085-4E51-935E-11C09E28F156}.Release|x86.ActiveCfg = Release|Any CPU
		{770F6D41-B085-4E51-935E-11C09E28F156}.Release|x86.Build.0 = Release|Any CPU
		{94A08E1E-7512-4AAA-ADE5-F14B230835A0}.Debug|Any CPU.ActiveCfg = Debug|Any CPU
		{94A08E1E-7512-4AAA-ADE5-F14B230835A0}.Debug|Any CPU.Build.0 = Debug|Any CPU
		{94A08E1E-7512-4AAA-ADE5-F14B230835A0}.Debug|Mixed Platforms.ActiveCfg = Debug|Any CPU
		{94A08E1E-7512-4AAA-ADE5-F14B230835A0}.Debug|Mixed Platforms.Build.0 = Debug|Any CPU
		{94A08E1E-7512-4AAA-ADE5-F14B230835A0}.Debug|x86.ActiveCfg = Debug|Any CPU
		{94A08E1E-7512-4AAA-ADE5-F14B230835A0}.Debug|x86.Build.0 = Debug|Any CPU
		{94A08E1E-7512-4AAA-ADE5-F14B230835A0}.Release|Any CPU.ActiveCfg = Release|Any CPU
		{94A08E1E-7512-4AAA-ADE5-F14B230835A0}.Release|Any CPU.Build.0 = Release|Any CPU
		{94A08E1E-7512-4AAA-ADE5-F14B230835A0}.Release|Mixed Platforms.ActiveCfg = Release|Any CPU
		{94A08E1E-7512-4AAA-ADE5-F14B230835A0}.Release|Mixed Platforms.Build.0 = Release|Any CPU
		{94A08E1E-7512-4AAA-ADE5-F14B230835A0}.Release|x86.ActiveCfg = Release|Any CPU
		{94A08E1E-7512-4AAA-ADE5-F14B230835A0}.Release|x86.Build.0 = Release|Any CPU
		{3B222FE1-ECEE-4B1D-9D35-79B7050E1161}.Debug|Any CPU.ActiveCfg = Debug|Any CPU
		{3B222FE1-ECEE-4B1D-9D35-79B7050E1161}.Debug|Any CPU.Build.0 = Debug|Any CPU
		{3B222FE1-ECEE-4B1D-9D35-79B7050E1161}.Debug|Mixed Platforms.ActiveCfg = Debug|Any CPU
		{3B222FE1-ECEE-4B1D-9D35-79B7050E1161}.Debug|Mixed Platforms.Build.0 = Debug|Any CPU
		{3B222FE1-ECEE-4B1D-9D35-79B7050E1161}.Debug|x86.ActiveCfg = Debug|Any CPU
		{3B222FE1-ECEE-4B1D-9D35-79B7050E1161}.Debug|x86.Build.0 = Debug|Any CPU
		{3B222FE1-ECEE-4B1D-9D35-79B7050E1161}.Release|Any CPU.ActiveCfg = Release|Any CPU
		{3B222FE1-ECEE-4B1D-9D35-79B7050E1161}.Release|Any CPU.Build.0 = Release|Any CPU
		{3B222FE1-ECEE-4B1D-9D35-79B7050E1161}.Release|Mixed Platforms.ActiveCfg = Release|Any CPU
		{3B222FE1-ECEE-4B1D-9D35-79B7050E1161}.Release|Mixed Platforms.Build.0 = Release|Any CPU
		{3B222FE1-ECEE-4B1D-9D35-79B7050E1161}.Release|x86.ActiveCfg = Release|Any CPU
		{3B222FE1-ECEE-4B1D-9D35-79B7050E1161}.Release|x86.Build.0 = Release|Any CPU
		{69E1D695-5C48-47A4-B8A7-01C43FE4BB40}.Debug|Any CPU.ActiveCfg = Debug|Any CPU
		{69E1D695-5C48-47A4-B8A7-01C43FE4BB40}.Debug|Any CPU.Build.0 = Debug|Any CPU
		{69E1D695-5C48-47A4-B8A7-01C43FE4BB40}.Debug|Mixed Platforms.ActiveCfg = Debug|Any CPU
		{69E1D695-5C48-47A4-B8A7-01C43FE4BB40}.Debug|Mixed Platforms.Build.0 = Debug|Any CPU
		{69E1D695-5C48-47A4-B8A7-01C43FE4BB40}.Debug|x86.ActiveCfg = Debug|Any CPU
		{69E1D695-5C48-47A4-B8A7-01C43FE4BB40}.Debug|x86.Build.0 = Debug|Any CPU
		{69E1D695-5C48-47A4-B8A7-01C43FE4BB40}.Release|Any CPU.ActiveCfg = Release|Any CPU
		{69E1D695-5C48-47A4-B8A7-01C43FE4BB40}.Release|Any CPU.Build.0 = Release|Any CPU
		{69E1D695-5C48-47A4-B8A7-01C43FE4BB40}.Release|Mixed Platforms.ActiveCfg = Release|Any CPU
		{69E1D695-5C48-47A4-B8A7-01C43FE4BB40}.Release|Mixed Platforms.Build.0 = Release|Any CPU
		{69E1D695-5C48-47A4-B8A7-01C43FE4BB40}.Release|x86.ActiveCfg = Release|Any CPU
		{69E1D695-5C48-47A4-B8A7-01C43FE4BB40}.Release|x86.Build.0 = Release|Any CPU
		{052DA6A8-6309-4589-922A-28407F8A0DD0}.Debug|Any CPU.ActiveCfg = Debug|Any CPU
		{052DA6A8-6309-4589-922A-28407F8A0DD0}.Debug|Any CPU.Build.0 = Debug|Any CPU
		{052DA6A8-6309-4589-922A-28407F8A0DD0}.Debug|Mixed Platforms.ActiveCfg = Debug|Any CPU
		{052DA6A8-6309-4589-922A-28407F8A0DD0}.Debug|Mixed Platforms.Build.0 = Debug|Any CPU
		{052DA6A8-6309-4589-922A-28407F8A0DD0}.Debug|x86.ActiveCfg = Debug|Any CPU
		{052DA6A8-6309-4589-922A-28407F8A0DD0}.Debug|x86.Build.0 = Debug|Any CPU
		{052DA6A8-6309-4589-922A-28407F8A0DD0}.Release|Any CPU.ActiveCfg = Release|Any CPU
		{052DA6A8-6309-4589-922A-28407F8A0DD0}.Release|Any CPU.Build.0 = Release|Any CPU
		{052DA6A8-6309-4589-922A-28407F8A0DD0}.Release|Mixed Platforms.ActiveCfg = Release|Any CPU
		{052DA6A8-6309-4589-922A-28407F8A0DD0}.Release|Mixed Platforms.Build.0 = Release|Any CPU
		{052DA6A8-6309-4589-922A-28407F8A0DD0}.Release|x86.ActiveCfg = Release|Any CPU
		{052DA6A8-6309-4589-922A-28407F8A0DD0}.Release|x86.Build.0 = Release|Any CPU
		{11F3DCBE-CC36-4761-AF00-B8FC87AFB443}.Debug|Any CPU.ActiveCfg = Debug|Any CPU
		{11F3DCBE-CC36-4761-AF00-B8FC87AFB443}.Debug|Any CPU.Build.0 = Debug|Any CPU
		{11F3DCBE-CC36-4761-AF00-B8FC87AFB443}.Debug|Mixed Platforms.ActiveCfg = Debug|Any CPU
		{11F3DCBE-CC36-4761-AF00-B8FC87AFB443}.Debug|Mixed Platforms.Build.0 = Debug|Any CPU
		{11F3DCBE-CC36-4761-AF00-B8FC87AFB443}.Debug|x86.ActiveCfg = Debug|Any CPU
		{11F3DCBE-CC36-4761-AF00-B8FC87AFB443}.Debug|x86.Build.0 = Debug|Any CPU
		{11F3DCBE-CC36-4761-AF00-B8FC87AFB443}.Release|Any CPU.ActiveCfg = Release|Any CPU
		{11F3DCBE-CC36-4761-AF00-B8FC87AFB443}.Release|Any CPU.Build.0 = Release|Any CPU
		{11F3DCBE-CC36-4761-AF00-B8FC87AFB443}.Release|Mixed Platforms.ActiveCfg = Release|Any CPU
		{11F3DCBE-CC36-4761-AF00-B8FC87AFB443}.Release|Mixed Platforms.Build.0 = Release|Any CPU
		{11F3DCBE-CC36-4761-AF00-B8FC87AFB443}.Release|x86.ActiveCfg = Release|Any CPU
		{11F3DCBE-CC36-4761-AF00-B8FC87AFB443}.Release|x86.Build.0 = Release|Any CPU
		{4A100A8B-4510-42AF-901E-A72D840D2A91}.Debug|Any CPU.ActiveCfg = Debug|Any CPU
		{4A100A8B-4510-42AF-901E-A72D840D2A91}.Debug|Any CPU.Build.0 = Debug|Any CPU
		{4A100A8B-4510-42AF-901E-A72D840D2A91}.Debug|Mixed Platforms.ActiveCfg = Debug|Any CPU
		{4A100A8B-4510-42AF-901E-A72D840D2A91}.Debug|Mixed Platforms.Build.0 = Debug|Any CPU
		{4A100A8B-4510-42AF-901E-A72D840D2A91}.Debug|x86.ActiveCfg = Debug|Any CPU
		{4A100A8B-4510-42AF-901E-A72D840D2A91}.Debug|x86.Build.0 = Debug|Any CPU
		{4A100A8B-4510-42AF-901E-A72D840D2A91}.Release|Any CPU.ActiveCfg = Release|Any CPU
		{4A100A8B-4510-42AF-901E-A72D840D2A91}.Release|Any CPU.Build.0 = Release|Any CPU
		{4A100A8B-4510-42AF-901E-A72D840D2A91}.Release|Mixed Platforms.ActiveCfg = Release|Any CPU
		{4A100A8B-4510-42AF-901E-A72D840D2A91}.Release|Mixed Platforms.Build.0 = Release|Any CPU
		{4A100A8B-4510-42AF-901E-A72D840D2A91}.Release|x86.ActiveCfg = Release|Any CPU
		{4A100A8B-4510-42AF-901E-A72D840D2A91}.Release|x86.Build.0 = Release|Any CPU
		{4B131171-9E05-4965-A384-5F593555D37E}.Debug|Any CPU.ActiveCfg = Debug|Any CPU
		{4B131171-9E05-4965-A384-5F593555D37E}.Debug|Any CPU.Build.0 = Debug|Any CPU
		{4B131171-9E05-4965-A384-5F593555D37E}.Debug|Mixed Platforms.ActiveCfg = Debug|Any CPU
		{4B131171-9E05-4965-A384-5F593555D37E}.Debug|Mixed Platforms.Build.0 = Debug|Any CPU
		{4B131171-9E05-4965-A384-5F593555D37E}.Debug|x86.ActiveCfg = Debug|Any CPU
		{4B131171-9E05-4965-A384-5F593555D37E}.Debug|x86.Build.0 = Debug|Any CPU
		{4B131171-9E05-4965-A384-5F593555D37E}.Release|Any CPU.ActiveCfg = Release|Any CPU
		{4B131171-9E05-4965-A384-5F593555D37E}.Release|Any CPU.Build.0 = Release|Any CPU
		{4B131171-9E05-4965-A384-5F593555D37E}.Release|Mixed Platforms.ActiveCfg = Release|Any CPU
		{4B131171-9E05-4965-A384-5F593555D37E}.Release|Mixed Platforms.Build.0 = Release|Any CPU
		{4B131171-9E05-4965-A384-5F593555D37E}.Release|x86.ActiveCfg = Release|Any CPU
		{4B131171-9E05-4965-A384-5F593555D37E}.Release|x86.Build.0 = Release|Any CPU
		{3DE6948E-06F2-458A-8151-B065EEA1502F}.Debug|Any CPU.ActiveCfg = Debug|Any CPU
		{3DE6948E-06F2-458A-8151-B065EEA1502F}.Debug|Any CPU.Build.0 = Debug|Any CPU
		{3DE6948E-06F2-458A-8151-B065EEA1502F}.Debug|Mixed Platforms.ActiveCfg = Debug|Any CPU
		{3DE6948E-06F2-458A-8151-B065EEA1502F}.Debug|Mixed Platforms.Build.0 = Debug|Any CPU
		{3DE6948E-06F2-458A-8151-B065EEA1502F}.Debug|x86.ActiveCfg = Debug|Any CPU
		{3DE6948E-06F2-458A-8151-B065EEA1502F}.Debug|x86.Build.0 = Debug|Any CPU
		{3DE6948E-06F2-458A-8151-B065EEA1502F}.Release|Any CPU.ActiveCfg = Release|Any CPU
		{3DE6948E-06F2-458A-8151-B065EEA1502F}.Release|Any CPU.Build.0 = Release|Any CPU
		{3DE6948E-06F2-458A-8151-B065EEA1502F}.Release|Mixed Platforms.ActiveCfg = Release|Any CPU
		{3DE6948E-06F2-458A-8151-B065EEA1502F}.Release|Mixed Platforms.Build.0 = Release|Any CPU
		{3DE6948E-06F2-458A-8151-B065EEA1502F}.Release|x86.ActiveCfg = Release|Any CPU
		{3DE6948E-06F2-458A-8151-B065EEA1502F}.Release|x86.Build.0 = Release|Any CPU
		{5EB94942-D7D5-4906-B027-CCD697DF2243}.Debug|Any CPU.ActiveCfg = Debug|x86
		{5EB94942-D7D5-4906-B027-CCD697DF2243}.Debug|Any CPU.Build.0 = Debug|x86
		{5EB94942-D7D5-4906-B027-CCD697DF2243}.Debug|Mixed Platforms.ActiveCfg = Debug|x86
		{5EB94942-D7D5-4906-B027-CCD697DF2243}.Debug|Mixed Platforms.Build.0 = Debug|x86
		{5EB94942-D7D5-4906-B027-CCD697DF2243}.Debug|x86.ActiveCfg = Debug|x86
		{5EB94942-D7D5-4906-B027-CCD697DF2243}.Debug|x86.Build.0 = Debug|x86
		{5EB94942-D7D5-4906-B027-CCD697DF2243}.Release|Any CPU.ActiveCfg = Release|x86
		{5EB94942-D7D5-4906-B027-CCD697DF2243}.Release|Mixed Platforms.ActiveCfg = Release|x86
		{5EB94942-D7D5-4906-B027-CCD697DF2243}.Release|Mixed Platforms.Build.0 = Release|x86
		{5EB94942-D7D5-4906-B027-CCD697DF2243}.Release|x86.ActiveCfg = Release|x86
		{5EB94942-D7D5-4906-B027-CCD697DF2243}.Release|x86.Build.0 = Release|x86
		{9E416E1B-D3D5-4EA4-A2E3-0E5B571E1BAD}.Debug|Any CPU.ActiveCfg = Debug|Any CPU
		{9E416E1B-D3D5-4EA4-A2E3-0E5B571E1BAD}.Debug|Any CPU.Build.0 = Debug|Any CPU
		{9E416E1B-D3D5-4EA4-A2E3-0E5B571E1BAD}.Debug|Mixed Platforms.ActiveCfg = Debug|Any CPU
		{9E416E1B-D3D5-4EA4-A2E3-0E5B571E1BAD}.Debug|Mixed Platforms.Build.0 = Debug|Any CPU
		{9E416E1B-D3D5-4EA4-A2E3-0E5B571E1BAD}.Debug|x86.ActiveCfg = Debug|Any CPU
		{9E416E1B-D3D5-4EA4-A2E3-0E5B571E1BAD}.Debug|x86.Build.0 = Debug|Any CPU
		{9E416E1B-D3D5-4EA4-A2E3-0E5B571E1BAD}.Release|Any CPU.ActiveCfg = Release|Any CPU
		{9E416E1B-D3D5-4EA4-A2E3-0E5B571E1BAD}.Release|Any CPU.Build.0 = Release|Any CPU
		{9E416E1B-D3D5-4EA4-A2E3-0E5B571E1BAD}.Release|Mixed Platforms.ActiveCfg = Release|Any CPU
		{9E416E1B-D3D5-4EA4-A2E3-0E5B571E1BAD}.Release|Mixed Platforms.Build.0 = Release|Any CPU
		{9E416E1B-D3D5-4EA4-A2E3-0E5B571E1BAD}.Release|x86.ActiveCfg = Release|Any CPU
		{9E416E1B-D3D5-4EA4-A2E3-0E5B571E1BAD}.Release|x86.Build.0 = Release|Any CPU
		{7991B1DC-1DE8-4F5B-9AAA-C2CE5255E1D7}.Debug|Any CPU.ActiveCfg = Debug|Any CPU
		{7991B1DC-1DE8-4F5B-9AAA-C2CE5255E1D7}.Debug|Any CPU.Build.0 = Debug|Any CPU
		{7991B1DC-1DE8-4F5B-9AAA-C2CE5255E1D7}.Debug|Mixed Platforms.ActiveCfg = Debug|Any CPU
		{7991B1DC-1DE8-4F5B-9AAA-C2CE5255E1D7}.Debug|Mixed Platforms.Build.0 = Debug|Any CPU
		{7991B1DC-1DE8-4F5B-9AAA-C2CE5255E1D7}.Debug|x86.ActiveCfg = Debug|Any CPU
		{7991B1DC-1DE8-4F5B-9AAA-C2CE5255E1D7}.Debug|x86.Build.0 = Debug|Any CPU
		{7991B1DC-1DE8-4F5B-9AAA-C2CE5255E1D7}.Release|Any CPU.ActiveCfg = Release|Any CPU
		{7991B1DC-1DE8-4F5B-9AAA-C2CE5255E1D7}.Release|Any CPU.Build.0 = Release|Any CPU
		{7991B1DC-1DE8-4F5B-9AAA-C2CE5255E1D7}.Release|Mixed Platforms.ActiveCfg = Release|Any CPU
		{7991B1DC-1DE8-4F5B-9AAA-C2CE5255E1D7}.Release|Mixed Platforms.Build.0 = Release|Any CPU
		{7991B1DC-1DE8-4F5B-9AAA-C2CE5255E1D7}.Release|x86.ActiveCfg = Release|Any CPU
		{7991B1DC-1DE8-4F5B-9AAA-C2CE5255E1D7}.Release|x86.Build.0 = Release|Any CPU
		{F91AE2E6-1682-478D-8F7D-DB33F98167EA}.Debug|Any CPU.ActiveCfg = Debug|Any CPU
		{F91AE2E6-1682-478D-8F7D-DB33F98167EA}.Debug|Any CPU.Build.0 = Debug|Any CPU
		{F91AE2E6-1682-478D-8F7D-DB33F98167EA}.Debug|Mixed Platforms.ActiveCfg = Debug|Any CPU
		{F91AE2E6-1682-478D-8F7D-DB33F98167EA}.Debug|Mixed Platforms.Build.0 = Debug|Any CPU
		{F91AE2E6-1682-478D-8F7D-DB33F98167EA}.Debug|x86.ActiveCfg = Debug|Any CPU
		{F91AE2E6-1682-478D-8F7D-DB33F98167EA}.Debug|x86.Build.0 = Debug|Any CPU
		{F91AE2E6-1682-478D-8F7D-DB33F98167EA}.Release|Any CPU.ActiveCfg = Release|Any CPU
		{F91AE2E6-1682-478D-8F7D-DB33F98167EA}.Release|Any CPU.Build.0 = Release|Any CPU
		{F91AE2E6-1682-478D-8F7D-DB33F98167EA}.Release|Mixed Platforms.ActiveCfg = Release|Any CPU
		{F91AE2E6-1682-478D-8F7D-DB33F98167EA}.Release|Mixed Platforms.Build.0 = Release|Any CPU
		{F91AE2E6-1682-478D-8F7D-DB33F98167EA}.Release|x86.ActiveCfg = Release|Any CPU
		{F91AE2E6-1682-478D-8F7D-DB33F98167EA}.Release|x86.Build.0 = Release|Any CPU
	EndGlobalSection
	GlobalSection(SolutionProperties) = preSolution
		HideSolutionNode = FALSE
	EndGlobalSection
	GlobalSection(NestedProjects) = preSolution
		{E97E649F-B703-47E3-B18A-0871D3498742} = {04E88053-968C-4A5B-814F-062DF5B5E61D}
		{C3578A7B-09A6-4444-9383-0DEAFA4958BD} = {04E88053-968C-4A5B-814F-062DF5B5E61D}
		{63786CE5-D899-43DF-AD4E-C2CA3BAC3FC2} = {04E88053-968C-4A5B-814F-062DF5B5E61D}
		{D327EC9C-DAA2-4454-A63D-7A09F3554578} = {04E88053-968C-4A5B-814F-062DF5B5E61D}
		{6F076B1A-B1AC-4F88-A310-478B31158DAB} = {5843FDAB-C2CA-4EA4-B4C0-0192B524CDD7}
		{770F6D41-B085-4E51-935E-11C09E28F156} = {D73B019D-5CC9-4375-AB5E-2BB7A8CDDEAE}
		{94A08E1E-7512-4AAA-ADE5-F14B230835A0} = {D73B019D-5CC9-4375-AB5E-2BB7A8CDDEAE}
		{3B222FE1-ECEE-4B1D-9D35-79B7050E1161} = {D73B019D-5CC9-4375-AB5E-2BB7A8CDDEAE}
		{69E1D695-5C48-47A4-B8A7-01C43FE4BB40} = {D73B019D-5CC9-4375-AB5E-2BB7A8CDDEAE}
		{052DA6A8-6309-4589-922A-28407F8A0DD0} = {D73B019D-5CC9-4375-AB5E-2BB7A8CDDEAE}
		{11F3DCBE-CC36-4761-AF00-B8FC87AFB443} = {D73B019D-5CC9-4375-AB5E-2BB7A8CDDEAE}
		{4A100A8B-4510-42AF-901E-A72D840D2A91} = {D73B019D-5CC9-4375-AB5E-2BB7A8CDDEAE}
		{4B131171-9E05-4965-A384-5F593555D37E} = {5843FDAB-C2CA-4EA4-B4C0-0192B524CDD7}
	EndGlobalSection
EndGlobal
