
Microsoft Visual Studio Solution File, Format Version 12.00
# Visual Studio 2013
VisualStudioVersion = 12.0.21005.1
MinimumVisualStudioVersion = 10.0.40219.1
Project("{FAE04EC0-301F-11D3-BF4B-00C04F79EFBC}") = "AssemblyToProcess", "AssemblyToProcess\AssemblyToProcess.csproj", "{CC4EADBB-7B52-41A1-B785-0AB4EAB1D000}"
EndProject
Project("{FAE04EC0-301F-11D3-BF4B-00C04F79EFBC}") = "CciExplorer.CodeModel", "CciExplorer.CodeModel\CciExplorer.CodeModel.csproj", "{1CD65680-A932-463C-BAB8-630D7537553B}"
EndProject
Project("{FAE04EC0-301F-11D3-BF4B-00C04F79EFBC}") = "eFlowDriverNET", "eFlowDriverNET\eFlowDriverNET.csproj", "{5EB94942-D7D5-4906-B027-CCD697DF2243}"
EndProject
Project("{FAE04EC0-301F-11D3-BF4B-00C04F79EFBC}") = "eFlowNET", "eFlowNET\eFlowNET.csproj", "{F91AE2E6-1682-478D-8F7D-DB33F98167EA}"
EndProject
Project("{FAE04EC0-301F-11D3-BF4B-00C04F79EFBC}") = "eFlowNetTestApp", "eFlowNetTestApp\eFlowNetTestApp.csproj", "{3DE6948E-06F2-458A-8151-B065EEA1502F}"
EndProject
Project("{FAE04EC0-301F-11D3-BF4B-00C04F79EFBC}") = "Lab", "Lab\Lab.csproj", "{29618238-72D2-451A-B20F-D9435910C3C3}"
EndProject
Project("{2150E333-8FDC-42A3-9474-1A3956D46DE8}") = ".nuget", ".nuget", "{DACB1A6A-7185-438E-B52B-9D28489AC3BC}"
	ProjectSection(SolutionItems) = preProject
		.nuget\packages.config = .nuget\packages.config
	EndProjectSection
EndProject
Global
	GlobalSection(SolutionConfigurationPlatforms) = preSolution
		Debug|Any CPU = Debug|Any CPU
		Debug|Mixed Platforms = Debug|Mixed Platforms
		Debug|x86 = Debug|x86
		Release|Any CPU = Release|Any CPU
		Release|Mixed Platforms = Release|Mixed Platforms
		Release|x86 = Release|x86
	EndGlobalSection
	GlobalSection(ProjectConfigurationPlatforms) = postSolution
		{CC4EADBB-7B52-41A1-B785-0AB4EAB1D000}.Debug|Any CPU.ActiveCfg = Debug|Any CPU
		{CC4EADBB-7B52-41A1-B785-0AB4EAB1D000}.Debug|Any CPU.Build.0 = Debug|Any CPU
		{CC4EADBB-7B52-41A1-B785-0AB4EAB1D000}.Debug|Mixed Platforms.ActiveCfg = Debug|Any CPU
		{CC4EADBB-7B52-41A1-B785-0AB4EAB1D000}.Debug|Mixed Platforms.Build.0 = Debug|Any CPU
		{CC4EADBB-7B52-41A1-B785-0AB4EAB1D000}.Debug|x86.ActiveCfg = Debug|Any CPU
		{CC4EADBB-7B52-41A1-B785-0AB4EAB1D000}.Debug|x86.Build.0 = Debug|Any CPU
		{CC4EADBB-7B52-41A1-B785-0AB4EAB1D000}.Release|Any CPU.ActiveCfg = Release|Any CPU
		{CC4EADBB-7B52-41A1-B785-0AB4EAB1D000}.Release|Any CPU.Build.0 = Release|Any CPU
		{CC4EADBB-7B52-41A1-B785-0AB4EAB1D000}.Release|Mixed Platforms.ActiveCfg = Release|Any CPU
		{CC4EADBB-7B52-41A1-B785-0AB4EAB1D000}.Release|Mixed Platforms.Build.0 = Release|Any CPU
		{CC4EADBB-7B52-41A1-B785-0AB4EAB1D000}.Release|x86.ActiveCfg = Release|Any CPU
		{CC4EADBB-7B52-41A1-B785-0AB4EAB1D000}.Release|x86.Build.0 = Release|Any CPU
		{1CD65680-A932-463C-BAB8-630D7537553B}.Debug|Any CPU.ActiveCfg = Debug|Any CPU
		{1CD65680-A932-463C-BAB8-630D7537553B}.Debug|Any CPU.Build.0 = Debug|Any CPU
		{1CD65680-A932-463C-BAB8-630D7537553B}.Debug|Mixed Platforms.ActiveCfg = Debug|Any CPU
		{1CD65680-A932-463C-BAB8-630D7537553B}.Debug|Mixed Platforms.Build.0 = Debug|Any CPU
		{1CD65680-A932-463C-BAB8-630D7537553B}.Debug|x86.ActiveCfg = Debug|Any CPU
		{1CD65680-A932-463C-BAB8-630D7537553B}.Debug|x86.Build.0 = Debug|Any CPU
		{1CD65680-A932-463C-BAB8-630D7537553B}.Release|Any CPU.ActiveCfg = Release|Any CPU
		{1CD65680-A932-463C-BAB8-630D7537553B}.Release|Any CPU.Build.0 = Release|Any CPU
		{1CD65680-A932-463C-BAB8-630D7537553B}.Release|Mixed Platforms.ActiveCfg = Release|Any CPU
		{1CD65680-A932-463C-BAB8-630D7537553B}.Release|Mixed Platforms.Build.0 = Release|Any CPU
		{1CD65680-A932-463C-BAB8-630D7537553B}.Release|x86.ActiveCfg = Release|Any CPU
		{1CD65680-A932-463C-BAB8-630D7537553B}.Release|x86.Build.0 = Release|Any CPU
		{5EB94942-D7D5-4906-B027-CCD697DF2243}.Debug|Any CPU.ActiveCfg = Debug|x86
		{5EB94942-D7D5-4906-B027-CCD697DF2243}.Debug|Any CPU.Build.0 = Debug|x86
		{5EB94942-D7D5-4906-B027-CCD697DF2243}.Debug|Mixed Platforms.ActiveCfg = Debug|x86
		{5EB94942-D7D5-4906-B027-CCD697DF2243}.Debug|Mixed Platforms.Build.0 = Debug|x86
		{5EB94942-D7D5-4906-B027-CCD697DF2243}.Debug|x86.ActiveCfg = Debug|x86
		{5EB94942-D7D5-4906-B027-CCD697DF2243}.Debug|x86.Build.0 = Debug|x86
		{5EB94942-D7D5-4906-B027-CCD697DF2243}.Release|Any CPU.ActiveCfg = Release|x86
		{5EB94942-D7D5-4906-B027-CCD697DF2243}.Release|Mixed Platforms.ActiveCfg = Release|x86
		{5EB94942-D7D5-4906-B027-CCD697DF2243}.Release|Mixed Platforms.Build.0 = Release|x86
		{5EB94942-D7D5-4906-B027-CCD697DF2243}.Release|x86.ActiveCfg = Release|x86
		{5EB94942-D7D5-4906-B027-CCD697DF2243}.Release|x86.Build.0 = Release|x86
		{F91AE2E6-1682-478D-8F7D-DB33F98167EA}.Debug|Any CPU.ActiveCfg = Debug|Any CPU
		{F91AE2E6-1682-478D-8F7D-DB33F98167EA}.Debug|Any CPU.Build.0 = Debug|Any CPU
		{F91AE2E6-1682-478D-8F7D-DB33F98167EA}.Debug|Mixed Platforms.ActiveCfg = Debug|Any CPU
		{F91AE2E6-1682-478D-8F7D-DB33F98167EA}.Debug|Mixed Platforms.Build.0 = Debug|Any CPU
		{F91AE2E6-1682-478D-8F7D-DB33F98167EA}.Debug|x86.ActiveCfg = Debug|Any CPU
		{F91AE2E6-1682-478D-8F7D-DB33F98167EA}.Debug|x86.Build.0 = Debug|Any CPU
		{F91AE2E6-1682-478D-8F7D-DB33F98167EA}.Release|Any CPU.ActiveCfg = Release|Any CPU
		{F91AE2E6-1682-478D-8F7D-DB33F98167EA}.Release|Any CPU.Build.0 = Release|Any CPU
		{F91AE2E6-1682-478D-8F7D-DB33F98167EA}.Release|Mixed Platforms.ActiveCfg = Release|Any CPU
		{F91AE2E6-1682-478D-8F7D-DB33F98167EA}.Release|Mixed Platforms.Build.0 = Release|Any CPU
		{F91AE2E6-1682-478D-8F7D-DB33F98167EA}.Release|x86.ActiveCfg = Release|Any CPU
		{F91AE2E6-1682-478D-8F7D-DB33F98167EA}.Release|x86.Build.0 = Release|Any CPU
		{3DE6948E-06F2-458A-8151-B065EEA1502F}.Debug|Any CPU.ActiveCfg = Debug|Any CPU
		{3DE6948E-06F2-458A-8151-B065EEA1502F}.Debug|Any CPU.Build.0 = Debug|Any CPU
		{3DE6948E-06F2-458A-8151-B065EEA1502F}.Debug|Mixed Platforms.ActiveCfg = Debug|Any CPU
		{3DE6948E-06F2-458A-8151-B065EEA1502F}.Debug|Mixed Platforms.Build.0 = Debug|Any CPU
		{3DE6948E-06F2-458A-8151-B065EEA1502F}.Debug|x86.ActiveCfg = Debug|Any CPU
		{3DE6948E-06F2-458A-8151-B065EEA1502F}.Debug|x86.Build.0 = Debug|Any CPU
		{3DE6948E-06F2-458A-8151-B065EEA1502F}.Release|Any CPU.ActiveCfg = Release|Any CPU
		{3DE6948E-06F2-458A-8151-B065EEA1502F}.Release|Any CPU.Build.0 = Release|Any CPU
		{3DE6948E-06F2-458A-8151-B065EEA1502F}.Release|Mixed Platforms.ActiveCfg = Release|Any CPU
		{3DE6948E-06F2-458A-8151-B065EEA1502F}.Release|Mixed Platforms.Build.0 = Release|Any CPU
		{3DE6948E-06F2-458A-8151-B065EEA1502F}.Release|x86.ActiveCfg = Release|Any CPU
		{3DE6948E-06F2-458A-8151-B065EEA1502F}.Release|x86.Build.0 = Release|Any CPU
		{29618238-72D2-451A-B20F-D9435910C3C3}.Debug|Any CPU.ActiveCfg = Debug|Any CPU
		{29618238-72D2-451A-B20F-D9435910C3C3}.Debug|Any CPU.Build.0 = Debug|Any CPU
		{29618238-72D2-451A-B20F-D9435910C3C3}.Debug|Mixed Platforms.ActiveCfg = Debug|Any CPU
		{29618238-72D2-451A-B20F-D9435910C3C3}.Debug|Mixed Platforms.Build.0 = Debug|Any CPU
		{29618238-72D2-451A-B20F-D9435910C3C3}.Debug|x86.ActiveCfg = Debug|Any CPU
		{29618238-72D2-451A-B20F-D9435910C3C3}.Debug|x86.Build.0 = Debug|Any CPU
		{29618238-72D2-451A-B20F-D9435910C3C3}.Release|Any CPU.ActiveCfg = Release|Any CPU
		{29618238-72D2-451A-B20F-D9435910C3C3}.Release|Any CPU.Build.0 = Release|Any CPU
		{29618238-72D2-451A-B20F-D9435910C3C3}.Release|Mixed Platforms.ActiveCfg = Release|Any CPU
		{29618238-72D2-451A-B20F-D9435910C3C3}.Release|Mixed Platforms.Build.0 = Release|Any CPU
		{29618238-72D2-451A-B20F-D9435910C3C3}.Release|x86.ActiveCfg = Release|Any CPU
		{29618238-72D2-451A-B20F-D9435910C3C3}.Release|x86.Build.0 = Release|Any CPU
	EndGlobalSection
	GlobalSection(SolutionProperties) = preSolution
		HideSolutionNode = FALSE
	EndGlobalSection
EndGlobal
